// !$*UTF8*$!
{
	archiveVersion = 1;
	classes = {
	};
	objectVersion = 50;
	objects = {

/* Begin PBXBuildFile section */
		D70013B725B0A6C700FCA26A /* AppDelegate.swift in Sources */ = {isa = PBXBuildFile; fileRef = D70013B625B0A6C700FCA26A /* AppDelegate.swift */; };
		D70013B925B0A6C700FCA26A /* SceneDelegate.swift in Sources */ = {isa = PBXBuildFile; fileRef = D70013B825B0A6C700FCA26A /* SceneDelegate.swift */; };
		D70013BB25B0A6C800FCA26A /* ContentView.swift in Sources */ = {isa = PBXBuildFile; fileRef = D70013BA25B0A6C800FCA26A /* ContentView.swift */; };
		D70013BD25B0A6CA00FCA26A /* Assets.xcassets in Resources */ = {isa = PBXBuildFile; fileRef = D70013BC25B0A6CA00FCA26A /* Assets.xcassets */; };
		D70013C025B0A6CA00FCA26A /* Preview Assets.xcassets in Resources */ = {isa = PBXBuildFile; fileRef = D70013BF25B0A6CA00FCA26A /* Preview Assets.xcassets */; };
		D70013C325B0A6CA00FCA26A /* LaunchScreen.storyboard in Resources */ = {isa = PBXBuildFile; fileRef = D70013C125B0A6CA00FCA26A /* LaunchScreen.storyboard */; };
/* End PBXBuildFile section */

/* Begin PBXFileReference section */
		D70013B325B0A6C700FCA26A /* isLoggedOn.app */ = {isa = PBXFileReference; explicitFileType = wrapper.application; includeInIndex = 0; path = isLoggedOn.app; sourceTree = BUILT_PRODUCTS_DIR; };
		D70013B625B0A6C700FCA26A /* AppDelegate.swift */ = {isa = PBXFileReference; lastKnownFileType = sourcecode.swift; path = AppDelegate.swift; sourceTree = "<group>"; };
		D70013B825B0A6C700FCA26A /* SceneDelegate.swift */ = {isa = PBXFileReference; lastKnownFileType = sourcecode.swift; path = SceneDelegate.swift; sourceTree = "<group>"; };
		D70013BA25B0A6C800FCA26A /* ContentView.swift */ = {isa = PBXFileReference; lastKnownFileType = sourcecode.swift; path = ContentView.swift; sourceTree = "<group>"; };
		D70013BC25B0A6CA00FCA26A /* Assets.xcassets */ = {isa = PBXFileReference; lastKnownFileType = folder.assetcatalog; path = Assets.xcassets; sourceTree = "<group>"; };
		D70013BF25B0A6CA00FCA26A /* Preview Assets.xcassets */ = {isa = PBXFileReference; lastKnownFileType = folder.assetcatalog; path = "Preview Assets.xcassets"; sourceTree = "<group>"; };
		D70013C225B0A6CA00FCA26A /* Base */ = {isa = PBXFileReference; lastKnownFileType = file.storyboard; name = Base; path = Base.lproj/LaunchScreen.storyboard; sourceTree = "<group>"; };
		D70013C425B0A6CA00FCA26A /* Info.plist */ = {isa = PBXFileReference; lastKnownFileType = text.plist.xml; path = Info.plist; sourceTree = "<group>"; };
/* End PBXFileReference section */

/* Begin PBXFrameworksBuildPhase section */
		D70013B025B0A6C700FCA26A /* Frameworks */ = {
			isa = PBXFrameworksBuildPhase;
			buildActionMask = 2147483647;
			files = (
			);
			runOnlyForDeploymentPostprocessing = 0;
		};
/* End PBXFrameworksBuildPhase section */

/* Begin PBXGroup section */
		D70013AA25B0A6C700FCA26A = {
			isa = PBXGroup;
			children = (
				D70013B525B0A6C700FCA26A /* isLoggedOn */,
				D70013B425B0A6C700FCA26A /* Products */,
			);
			sourceTree = "<group>";
		};
		D70013B425B0A6C700FCA26A /* Products */ = {
			isa = PBXGroup;
			children = (
				D70013B325B0A6C700FCA26A /* isLoggedOn.app */,
			);
			name = Products;
			sourceTree = "<group>";
		};
		D70013B525B0A6C700FCA26A /* isLoggedOn */ = {
			isa = PBXGroup;
			children = (
				D70013B625B0A6C700FCA26A /* AppDelegate.swift */,
				D70013B825B0A6C700FCA26A /* SceneDelegate.swift */,
				D70013BA25B0A6C800FCA26A /* ContentView.swift */,
				D70013BC25B0A6CA00FCA26A /* Assets.xcassets */,
				D70013C125B0A6CA00FCA26A /* LaunchScreen.storyboard */,
				D70013C425B0A6CA00FCA26A /* Info.plist */,
				D70013BE25B0A6CA00FCA26A /* Preview Content */,
			);
			path = isLoggedOn;
			sourceTree = "<group>";
		};
		D70013BE25B0A6CA00FCA26A /* Preview Content */ = {
			isa = PBXGroup;
			children = (
				D70013BF25B0A6CA00FCA26A /* Preview Assets.xcassets */,
			);
			path = "Preview Content";
			sourceTree = "<group>";
		};
/* End PBXGroup section */

/* Begin PBXNativeTarget section */
		D70013B225B0A6C700FCA26A /* isLoggedOn */ = {
			isa = PBXNativeTarget;
			buildConfigurationList = D70013C725B0A6CA00FCA26A /* Build configuration list for PBXNativeTarget "isLoggedOn" */;
			buildPhases = (
				D70013AF25B0A6C700FCA26A /* Sources */,
				D70013B025B0A6C700FCA26A /* Frameworks */,
				D70013B125B0A6C700FCA26A /* Resources */,
			);
			buildRules = (
			);
			dependencies = (
			);
			name = isLoggedOn;
			productName = isLoggedOn;
			productReference = D70013B325B0A6C700FCA26A /* isLoggedOn.app */;
			productType = "com.apple.product-type.application";
		};
/* End PBXNativeTarget section */

/* Begin PBXProject section */
		D70013AB25B0A6C700FCA26A /* Project object */ = {
			isa = PBXProject;
			attributes = {
				LastSwiftUpdateCheck = 1120;
				LastUpgradeCheck = 1120;
				ORGANIZATIONNAME = "Billy Earney";
				TargetAttributes = {
					D70013B225B0A6C700FCA26A = {
						CreatedOnToolsVersion = 11.2.1;
					};
				};
			};
			buildConfigurationList = D70013AE25B0A6C700FCA26A /* Build configuration list for PBXProject "isLoggedOn" */;
			compatibilityVersion = "Xcode 9.3";
			developmentRegion = en;
			hasScannedForEncodings = 0;
			knownRegions = (
				en,
				Base,
			);
			mainGroup = D70013AA25B0A6C700FCA26A;
			productRefGroup = D70013B425B0A6C700FCA26A /* Products */;
			projectDirPath = "";
			projectRoot = "";
			targets = (
				D70013B225B0A6C700FCA26A /* isLoggedOn */,
			);
		};
/* End PBXProject section */

/* Begin PBXResourcesBuildPhase section */
		D70013B125B0A6C700FCA26A /* Resources */ = {
			isa = PBXResourcesBuildPhase;
			buildActionMask = 2147483647;
			files = (
				D70013C325B0A6CA00FCA26A /* LaunchScreen.storyboard in Resources */,
				D70013C025B0A6CA00FCA26A /* Preview Assets.xcassets in Resources */,
				D70013BD25B0A6CA00FCA26A /* Assets.xcassets in Resources */,
			);
			runOnlyForDeploymentPostprocessing = 0;
		};
/* End PBXResourcesBuildPhase section */

/* Begin PBXSourcesBuildPhase section */
		D70013AF25B0A6C700FCA26A /* Sources */ = {
			isa = PBXSourcesBuildPhase;
			buildActionMask = 2147483647;
			files = (
				D70013B725B0A6C700FCA26A /* AppDelegate.swift in Sources */,
				D70013B925B0A6C700FCA26A /* SceneDelegate.swift in Sources */,
				D70013BB25B0A6C800FCA26A /* ContentView.swift in Sources */,
			);
			runOnlyForDeploymentPostprocessing = 0;
		};
/* End PBXSourcesBuildPhase section */

/* Begin PBXVariantGroup section */
		D70013C125B0A6CA00FCA26A /* LaunchScreen.storyboard */ = {
			isa = PBXVariantGroup;
			children = (
				D70013C225B0A6CA00FCA26A /* Base */,
			);
			name = LaunchScreen.storyboard;
			sourceTree = "<group>";
		};
/* End PBXVariantGroup section */

/* Begin XCBuildConfiguration section */
		D70013C525B0A6CA00FCA26A /* Debug */ = {
			isa = XCBuildConfiguration;
			buildSettings = {
				ALWAYS_SEARCH_USER_PATHS = NO;
				CLANG_ANALYZER_NONNULL = YES;
				CLANG_ANALYZER_NUMBER_OBJECT_CONVERSION = YES_AGGRESSIVE;
				CLANG_CXX_LANGUAGE_STANDARD = "gnu++14";
				CLANG_CXX_LIBRARY = "libc++";
				CLANG_ENABLE_MODULES = YES;
				CLANG_ENABLE_OBJC_ARC = YES;
				CLANG_ENABLE_OBJC_WEAK = YES;
				CLANG_WARN_BLOCK_CAPTURE_AUTORELEASING = YES;
				CLANG_WARN_BOOL_CONVERSION = YES;
				CLANG_WARN_COMMA = YES;
				CLANG_WARN_CONSTANT_CONVERSION = YES;
				CLANG_WARN_DEPRECATED_OBJC_IMPLEMENTATIONS = YES;
				CLANG_WARN_DIRECT_OBJC_ISA_USAGE = YES_ERROR;
				CLANG_WARN_DOCUMENTATION_COMMENTS = YES;
				CLANG_WARN_EMPTY_BODY = YES;
				CLANG_WARN_ENUM_CONVERSION = YES;
				CLANG_WARN_INFINITE_RECURSION = YES;
				CLANG_WARN_INT_CONVERSION = YES;
				CLANG_WARN_NON_LITERAL_NULL_CONVERSION = YES;
				CLANG_WARN_OBJC_IMPLICIT_RETAIN_SELF = YES;
				CLANG_WARN_OBJC_LITERAL_CONVERSION = YES;
				CLANG_WARN_OBJC_ROOT_CLASS = YES_ERROR;
				CLANG_WARN_RANGE_LOOP_ANALYSIS = YES;
				CLANG_WARN_STRICT_PROTOTYPES = YES;
				CLANG_WARN_SUSPICIOUS_MOVE = YES;
				CLANG_WARN_UNGUARDED_AVAILABILITY = YES_AGGRESSIVE;
				CLANG_WARN_UNREACHABLE_CODE = YES;
				CLANG_WARN__DUPLICATE_METHOD_MATCH = YES;
				COPY_PHASE_STRIP = NO;
				DEBUG_INFORMATION_FORMAT = dwarf;
				ENABLE_STRICT_OBJC_MSGSEND = YES;
				ENABLE_TESTABILITY = YES;
				GCC_C_LANGUAGE_STANDARD = gnu11;
				GCC_DYNAMIC_NO_PIC = NO;
				GCC_NO_COMMON_BLOCKS = YES;
				GCC_OPTIMIZATION_LEVEL = 0;
				GCC_PREPROCESSOR_DEFINITIONS = (
					"DEBUG=1",
					"$(inherited)",
				);
				GCC_WARN_64_TO_32_BIT_CONVERSION = YES;
				GCC_WARN_ABOUT_RETURN_TYPE = YES_ERROR;
				GCC_WARN_UNDECLARED_SELECTOR = YES;
				GCC_WARN_UNINITIALIZED_AUTOS = YES_AGGRESSIVE;
				GCC_WARN_UNUSED_FUNCTION = YES;
				GCC_WARN_UNUSED_VARIABLE = YES;
				IPHONEOS_DEPLOYMENT_TARGET = 13.2;
				MTL_ENABLE_DEBUG_INFO = INCLUDE_SOURCE;
				MTL_FAST_MATH = YES;
				ONLY_ACTIVE_ARCH = YES;
				SDKROOT = iphoneos;
				SWIFT_ACTIVE_COMPILATION_CONDITIONS = DEBUG;
				SWIFT_OPTIMIZATION_LEVEL = "-Onone";
			};
			name = Debug;
		};
		D70013C625B0A6CA00FCA26A /* Release */ = {
			isa = XCBuildConfiguration;
			buildSettings = {
				ALWAYS_SEARCH_USER_PATHS = NO;
				CLANG_ANALYZER_NONNULL = YES;
				CLANG_ANALYZER_NUMBER_OBJECT_CONVERSION = YES_AGGRESSIVE;
				CLANG_CXX_LANGUAGE_STANDARD = "gnu++14";
				CLANG_CXX_LIBRARY = "libc++";
				CLANG_ENABLE_MODULES = YES;
				CLANG_ENABLE_OBJC_ARC = YES;
				CLANG_ENABLE_OBJC_WEAK = YES;
				CLANG_WARN_BLOCK_CAPTURE_AUTORELEASING = YES;
				CLANG_WARN_BOOL_CONVERSION = YES;
				CLANG_WARN_COMMA = YES;
				CLANG_WARN_CONSTANT_CONVERSION = YES;
				CLANG_WARN_DEPRECATED_OBJC_IMPLEMENTATIONS = YES;
				CLANG_WARN_DIRECT_OBJC_ISA_USAGE = YES_ERROR;
				CLANG_WARN_DOCUMENTATION_COMMENTS = YES;
				CLANG_WARN_EMPTY_BODY = YES;
				CLANG_WARN_ENUM_CONVERSION = YES;
				CLANG_WARN_INFINITE_RECURSION = YES;
				CLANG_WARN_INT_CONVERSION = YES;
				CLANG_WARN_NON_LITERAL_NULL_CONVERSION = YES;
				CLANG_WARN_OBJC_IMPLICIT_RETAIN_SELF = YES;
				CLANG_WARN_OBJC_LITERAL_CONVERSION = YES;
				CLANG_WARN_OBJC_ROOT_CLASS = YES_ERROR;
				CLANG_WARN_RANGE_LOOP_ANALYSIS = YES;
				CLANG_WARN_STRICT_PROTOTYPES = YES;
				CLANG_WARN_SUSPICIOUS_MOVE = YES;
				CLANG_WARN_UNGUARDED_AVAILABILITY = YES_AGGRESSIVE;
				CLANG_WARN_UNREACHABLE_CODE = YES;
				CLANG_WARN__DUPLICATE_METHOD_MATCH = YES;
				COPY_PHASE_STRIP = NO;
				DEBUG_INFORMATION_FORMAT = "dwarf-with-dsym";
				ENABLE_NS_ASSERTIONS = NO;
				ENABLE_STRICT_OBJC_MSGSEND = YES;
				GCC_C_LANGUAGE_STANDARD = gnu11;
				GCC_NO_COMMON_BLOCKS = YES;
				GCC_WARN_64_TO_32_BIT_CONVERSION = YES;
				GCC_WARN_ABOUT_RETURN_TYPE = YES_ERROR;
				GCC_WARN_UNDECLARED_SELECTOR = YES;
				GCC_WARN_UNINITIALIZED_AUTOS = YES_AGGRESSIVE;
				GCC_WARN_UNUSED_FUNCTION = YES;
				GCC_WARN_UNUSED_VARIABLE = YES;
				IPHONEOS_DEPLOYMENT_TARGET = 13.2;
				MTL_ENABLE_DEBUG_INFO = NO;
				MTL_FAST_MATH = YES;
				SDKROOT = iphoneos;
				SWIFT_COMPILATION_MODE = wholemodule;
				SWIFT_OPTIMIZATION_LEVEL = "-O";
				VALIDATE_PRODUCT = YES;
			};
			name = Release;
		};
		D70013C825B0A6CA00FCA26A /* Debug */ = {
			isa = XCBuildConfiguration;
			buildSettings = {
				ASSETCATALOG_COMPILER_APPICON_NAME = AppIcon;
				CODE_SIGN_STYLE = Automatic;
				DEVELOPMENT_ASSET_PATHS = "\"isLoggedOn/Preview Content\"";
				ENABLE_PREVIEWS = YES;
				INFOPLIST_FILE = isLoggedOn/Info.plist;
				LD_RUNPATH_SEARCH_PATHS = (
					"$(inherited)",
					"@executable_path/Frameworks",
				);
				PRODUCT_BUNDLE_IDENTIFIER = wcc.isLoggedOn;
				PRODUCT_NAME = "$(TARGET_NAME)";
				SWIFT_VERSION = 5.0;
				TARGETED_DEVICE_FAMILY = "1,2";
			};
			name = Debug;
		};
		D70013C925B0A6CA00FCA26A /* Release */ = {
			isa = XCBuildConfiguration;
			buildSettings = {
				ASSETCATALOG_COMPILER_APPICON_NAME = AppIcon;
				CODE_SIGN_STYLE = Automatic;
				DEVELOPMENT_ASSET_PATHS = "\"isLoggedOn/Preview Content\"";
				ENABLE_PREVIEWS = YES;
				INFOPLIST_FILE = isLoggedOn/Info.plist;
				LD_RUNPATH_SEARCH_PATHS = (
					"$(inherited)",
					"@executable_path/Frameworks",
				);
				PRODUCT_BUNDLE_IDENTIFIER = wcc.isLoggedOn;
				PRODUCT_NAME = "$(TARGET_NAME)";
				SWIFT_VERSION = 5.0;
				TARGETED_DEVICE_FAMILY = "1,2";
			};
			name = Release;
		};
/* End XCBuildConfiguration section */

/* Begin XCConfigurationList section */
		D70013AE25B0A6C700FCA26A /* Build configuration list for PBXProject "isLoggedOn" */ = {
			isa = XCConfigurationList;
			buildConfigurations = (
				D70013C525B0A6CA00FCA26A /* Debug */,
				D70013C625B0A6CA00FCA26A /* Release */,
			);
			defaultConfigurationIsVisible = 0;
			defaultConfigurationName = Release;
		};
		D70013C725B0A6CA00FCA26A /* Build configuration list for PBXNativeTarget "isLoggedOn" */ = {
			isa = XCConfigurationList;
			buildConfigurations = (
				D70013C825B0A6CA00FCA26A /* Debug */,
				D70013C925B0A6CA00FCA26A /* Release */,
			);
			defaultConfigurationIsVisible = 0;
			defaultConfigurationName = Release;
		};
/* End XCConfigurationList section */
	};
	rootObject = D70013AB25B0A6C700FCA26A /* Project object */;
}
